<?xml version="1.0" encoding="utf-8"?>
<Project ToolsVersion="4.0" xmlns="http://schemas.microsoft.com/developer/msbuild/2003">
  <ItemGroup>
    <Filter Include="Source Files">
      <UniqueIdentifier>{4FC737F1-C7A5-4376-A066-2A32D752A2FF}</UniqueIdentifier>
      <Extensions>cpp;c;cc;cxx;def;odl;idl;hpj;bat;asm;asmx</Extensions>
    </Filter>
    <Filter Include="Header Files">
      <UniqueIdentifier>{93995380-89BD-4b04-88EB-625FBE52EBFB}</UniqueIdentifier>
      <Extensions>h;hh;hpp;hxx;hm;inl;inc;xsd</Extensions>
    </Filter>
    <Filter Include="Resource Files">
      <UniqueIdentifier>{67DA6AB6-F800-4c08-8B7A-83BB121AAD01}</UniqueIdentifier>
      <Extensions>rc;ico;cur;bmp;dlg;rc2;rct;bin;rgs;gif;jpg;jpeg;jpe;resx;tiff;tif;png;wav;mfcribbon-ms</Extensions>
    </Filter>
    <Filter Include="Header Files\Layers">
      <UniqueIdentifier>{66cec9d9-001b-49c1-a554-45169402dc0f}</UniqueIdentifier>
    </Filter>
    <Filter Include="Header Files\Fonts">
      <UniqueIdentifier>{1aae7890-f9d2-45d4-9e80-d670fccc249d}</UniqueIdentifier>
    </Filter>
    <Filter Include="Header Files\Render">
      <UniqueIdentifier>{5d826628-7f76-4277-8318-f618e48e90e1}</UniqueIdentifier>
    </Filter>
    <Filter Include="Header Files\Animations">
      <UniqueIdentifier>{5fe910e2-a5b4-485d-8fa1-a6010454d099}</UniqueIdentifier>
    </Filter>
    <Filter Include="Header Files\Resource">
      <UniqueIdentifier>{1f4c9281-7735-4d22-bd93-a93da7ba7c9b}</UniqueIdentifier>
    </Filter>
    <Filter Include="Header Files\UI">
      <UniqueIdentifier>{cf568366-5e3b-45aa-b776-4c2560d4d6b4}</UniqueIdentifier>
    </Filter>
  </ItemGroup>
  <ItemGroup>
    <Text Include="ReadMe.txt" />
  </ItemGroup>
  <ItemGroup>
    <ClCompile Include="dllmain.cpp">
      <Filter>Source Files</Filter>
    </ClCompile>
    <ClCompile Include="ColorAnimation.cpp">
      <Filter>Source Files</Filter>
    </ClCompile>
    <ClCompile Include="dllColorAnimation.cpp">
      <Filter>Source Files</Filter>
    </ClCompile>
    <ClCompile Include="dllAnimation.cpp">
      <Filter>Source Files</Filter>
    </ClCompile>
    <ClCompile Include="dllUI.cpp">
      <Filter>Source Files</Filter>
    </ClCompile>
    <ClCompile Include="Render\Colors.cpp">
      <Filter>Source Files</Filter>
    </ClCompile>
    <ClCompile Include="dllRenderPrimitive.cpp">
      <Filter>Source Files</Filter>
    </ClCompile>
    <ClCompile Include="OldDDexAdapter.cpp">
      <Filter>Source Files</Filter>
    </ClCompile>
  </ItemGroup>
  <ItemGroup>
    <None Include="Modules.def">
      <Filter>Source Files</Filter>
    </None>
  </ItemGroup>
  <ItemGroup>
    <ClInclude Include="ColorAnimation.h">
      <Filter>Header Files</Filter>
    </ClInclude>
    <ClInclude Include="Benaphore.h">
      <Filter>Header Files</Filter>
    </ClInclude>
    <ClInclude Include="Layers\ILayerEffect.h">
      <Filter>Header Files\Layers</Filter>
    </ClInclude>
    <ClInclude Include="Layers\LayerDeclares.h">
      <Filter>Header Files\Layers</Filter>
    </ClInclude>
    <ClInclude Include="Fonts\FontManager.h">
      <Filter>Header Files\Fonts</Filter>
    </ClInclude>
    <ClInclude Include="Fonts\IFontFactory.h">
      <Filter>Header Files\Fonts</Filter>
    </ClInclude>
    <ClInclude Include="Fonts\FontDeclares.h">
      <Filter>Header Files\Fonts</Filter>
    </ClInclude>
    <ClInclude Include="Layers\ILayer.h">
      <Filter>Header Files\Layers</Filter>
    </ClInclude>
    <ClInclude Include="Layers\LayerManager.h">
      <Filter>Header Files\Layers</Filter>
    </ClInclude>
    <ClInclude Include="Layers\ILayerFactory.h">
      <Filter>Header Files\Layers</Filter>
    </ClInclude>
    <ClInclude Include="Layers\ShakeLayerEffect.h">
      <Filter>Header Files\Layers</Filter>
    </ClInclude>
    <ClInclude Include="Layers\SimpleShaderLayerEffect.h">
      <Filter>Header Files\Layers</Filter>
    </ClInclude>
    <ClInclude Include="Layers\VibrationLayerEffect.h">
      <Filter>Header Files\Layers</Filter>
    </ClInclude>
    <ClInclude Include="ContextBase.h">
      <Filter>Header Files</Filter>
    </ClInclude>
    <ClInclude Include="Layers\LayerEffectFactory.h">
      <Filter>Header Files\Layers</Filter>
    </ClInclude>
    <ClInclude Include="Layers\LayerEffectOrchestrator.h">
      <Filter>Header Files\Layers</Filter>
    </ClInclude>
    <ClInclude Include="IScreenShotManager.h">
      <Filter>Header Files</Filter>
    </ClInclude>
    <ClInclude Include="Render\Render.h">
      <Filter>Header Files\Render</Filter>
    </ClInclude>
    <ClInclude Include="Render\RenderDeclares.h">
      <Filter>Header Files\Render</Filter>
    </ClInclude>
    <ClInclude Include="Fonts\IFont.h">
      <Filter>Header Files\Fonts</Filter>
    </ClInclude>
    <ClInclude Include="Render\IPSManager.h">
      <Filter>Header Files\Render</Filter>
    </ClInclude>
    <ClInclude Include="Render\IImageFactory.h">
      <Filter>Header Files\Render</Filter>
    </ClInclude>
    <ClInclude Include="Render\ImageManager.h">
      <Filter>Header Files\Render</Filter>
    </ClInclude>
    <ClInclude Include="Render\Colors.h">
      <Filter>Header Files\Render</Filter>
    </ClInclude>
    <ClInclude Include="Layers\LayerEffectManager.h">
      <Filter>Header Files\Layers</Filter>
    </ClInclude>
    <ClInclude Include="Render\RenderBase.h">
      <Filter>Header Files\Render</Filter>
    </ClInclude>
    <ClInclude Include="Render\ISprite.h">
      <Filter>Header Files\Render</Filter>
    </ClInclude>
    <ClInclude Include="Animations\LightBoltAnimation.h">
      <Filter>Header Files\Animations</Filter>
    </ClInclude>
    <ClInclude Include="Animations\AnimationDeclares.h">
      <Filter>Header Files\Animations</Filter>
    </ClInclude>
    <ClInclude Include="Animations\AnimationManager.h">
      <Filter>Header Files\Animations</Filter>
    </ClInclude>
    <ClInclude Include="Animations\IAnimation.h">
      <Filter>Header Files\Animations</Filter>
    </ClInclude>
    <ClInclude Include="Animations\IAnimationFactory.h">
      <Filter>Header Files\Animations</Filter>
    </ClInclude>
    <ClInclude Include="Animations\AnimationFactory.h">
      <Filter>Header Files\Animations</Filter>
    </ClInclude>
    <ClInclude Include="Animations\LightBoltAutomaticAnimation.h">
      <Filter>Header Files\Animations</Filter>
    </ClInclude>
    <ClInclude Include="Render\IRenderPrimitive.h">
      <Filter>Header Files\Render</Filter>
    </ClInclude>
    <ClInclude Include="Resource\IndexResourceManager.h">
      <Filter>Header Files\Resource</Filter>
    </ClInclude>
    <ClInclude Include="Resource\IIndexResourceFactory.h">
      <Filter>Header Files\Resource</Filter>
    </ClInclude>
    <ClInclude Include="UI\UI.h">
      <Filter>Header Files\UI</Filter>
    </ClInclude>
    <ClInclude Include="UI\IHDCFactory.h">
      <Filter>Header Files\UI</Filter>
    </ClInclude>
    <ClInclude Include="UI\UIComponentManager.h">
      <Filter>Header Files\UI</Filter>
    </ClInclude>
    <ClInclude Include="dllUI.h">
      <Filter>Header Files</Filter>
    </ClInclude>
    <ClInclude Include="dll.h">
      <Filter>Header Files</Filter>
    </ClInclude>
    <ClInclude Include="Render\IImageManager.h">
      <Filter>Header Files\Render</Filter>
    </ClInclude>
    <ClInclude Include="UI\UICursorManager.h">
      <Filter>Header Files\UI</Filter>
    </ClInclude>
    <ClInclude Include="OldDDexAdapter.h">
      <Filter>Header Files</Filter>
    </ClInclude>
  </ItemGroup>
</Project>